{
	"name": "Kiekkohamsteri",
	"version": "0.0.1",
	"lockfileVersion": 1,
	"requires": true,
	"dependencies": {
		"base-64": {
			"version": "0.1.0",
			"resolved": "https://registry.npmjs.org/base-64/-/base-64-0.1.0.tgz",
			"integrity": "sha1-eAqZyE59YAJgNhURxId2E78k9rs="
		},
		"ramda": {
			"version": "0.25.0",
			"resolved": "https://registry.npmjs.org/ramda/-/ramda-0.25.0.tgz",
			"integrity": "sha512-GXpfrYVPwx3K7RQ6aYT8KPS8XViSXUVJT1ONhoKPE9VAleW42YE+U+8VEyGWt41EnEQW7gwecYJriTI0pKoecQ=="
		},
		"react-native-fs": {
			"version": "2.8.4",
			"resolved": "https://registry.npmjs.org/react-native-fs/-/react-native-fs-2.8.4.tgz",
			"integrity": "sha512-GjibuSOrW3z4aXmUfAcbd/Y7ieLbdfdUedYnLVqtKYzlOy93iEqW/cizd7oj79UefX+xXJ3DOKqOiyOaFi8y2A==",
			"requires": {
				"base-64": "0.1.0",
				"utf8": "2.1.2"
			}
		},
		"react-native-google-signin": {
			"version": "0.12.0",
			"resolved": "https://registry.npmjs.org/react-native-google-signin/-/react-native-google-signin-0.12.0.tgz",
			"integrity": "sha512-Ek84p6g3XzQJ/YC7eik+3cvS/S069eIMSdVVXhd9eEJORnTHsvRboD7aDjNi2PjLutqFEXnxVJBmwJ4EPvx1+w=="
		},
		"utf8": {
			"version": "2.1.2",
			"resolved": "https://registry.npmjs.org/utf8/-/utf8-2.1.2.tgz",
			"integrity": "sha1-H6DZJw6b6FDZsFAn9jUZv0ZFfZY="
		}
	}
}
